
Microsoft Visual Studio Solution File, Format Version 10.00
# Visual C++ Express 2008
Project("{8BC9CEB8-8B4A-11D0-8D11-00A0C91BC942}") = "CAB命令表解読機", "CAB命令表解読機.vcproj", "{8D8E630C-9191-468E-8365-76B007F63C35}"
EndProject
Global
	GlobalSection(SolutionConfigurationPlatforms) = preSolution
		Debug|Win32 = Debug|Win32
		Release|Win32 = Release|Win32
	EndGlobalSection
	GlobalSection(ProjectConfigurationPlatforms) = postSolution
		{8D8E630C-9191-468E-8365-76B007F63C35}.Debug|Win32.ActiveCfg = Debug|Win32
		{8D8E630C-9191-468E-8365-76B007F63C35}.Debug|Win32.Build.0 = Debug|Win32
		{8D8E630C-9191-468E-8365-76B007F63C35}.Release|Win32.ActiveCfg = Release|Win32
		{8D8E630C-9191-468E-8365-76B007F63C35}.Release|Win32.Build.0 = Release|Win32
	EndGlobalSection
	GlobalSection(SolutionProperties) = preSolution
		HideSolutionNode = FALSE
	EndGlobalSection
EndGlobal
